
Microsoft Visual Studio Solution File, Format Version 12.00
# Visual Studio Version 17
VisualStudioVersion = 17.13.35931.197 d17.13
MinimumVisualStudioVersion = 10.0.40219.1
Project("{FAE04EC0-301F-11D3-BF4B-00C04F79EFBC}") = "Projeto1", "Projeto1\Projeto1.csproj", "{47A47F7B-01E1-4209-B0DF-8673BD639443}"
EndProject
Global
	GlobalSection(SolutionConfigurationPlatforms) = preSolution
		Debug|Any CPU = Debug|Any CPU
		Release|Any CPU = Release|Any CPU
	EndGlobalSection
	GlobalSection(ProjectConfigurationPlatforms) = postSolution
		{47A47F7B-01E1-4209-B0DF-8673BD639443}.Debug|Any CPU.ActiveCfg = Debug|Any CPU
		{47A47F7B-01E1-4209-B0DF-8673BD639443}.Debug|Any CPU.Build.0 = Debug|Any CPU
		{47A47F7B-01E1-4209-B0DF-8673BD639443}.Release|Any CPU.ActiveCfg = Release|Any CPU
		{47A47F7B-01E1-4209-B0DF-8673BD639443}.Release|Any CPU.Build.0 = Release|Any CPU
	EndGlobalSection
	GlobalSection(SolutionProperties) = preSolution
		HideSolutionNode = FALSE
	EndGlobalSection
	GlobalSection(ExtensibilityGlobals) = postSolution
		SolutionGuid = {DC230543-F685-4082-ABEC-2CB090B0F61E}
	EndGlobalSection
EndGlobal
